
Microsoft Visual Studio Solution File, Format Version 12.00
Project("{FAE04EC0-301F-11D3-BF4B-00C04F79EFBC}") = "TransformAPI", "src\TransformAPI\TransformAPI.csproj", "{A5961C2D-BF09-4943-8250-50D9040ABC39}"
EndProject
Project("{FAE04EC0-301F-11D3-BF4B-00C04F79EFBC}") = "MinimumAPI", "src\MinimumAPI\MinimumAPI.csproj", "{54A53A7C-42D9-4403-A909-9AA56F3D3139}"
EndProject
Project("{FAE04EC0-301F-11D3-BF4B-00C04F79EFBC}") = "algorithm", "algorithm\algorithm.csproj", "{A0342FDA-DB08-4A7E-8E05-1EE8DB0EE7B3}"
EndProject
Global
	GlobalSection(SolutionConfigurationPlatforms) = preSolution
		Debug|Any CPU = Debug|Any CPU
		Release|Any CPU = Release|Any CPU
	EndGlobalSection
	GlobalSection(ProjectConfigurationPlatforms) = postSolution
		{A5961C2D-BF09-4943-8250-50D9040ABC39}.Debug|Any CPU.ActiveCfg = Debug|Any CPU
		{A5961C2D-BF09-4943-8250-50D9040ABC39}.Debug|Any CPU.Build.0 = Debug|Any CPU
		{A5961C2D-BF09-4943-8250-50D9040ABC39}.Release|Any CPU.ActiveCfg = Release|Any CPU
		{A5961C2D-BF09-4943-8250-50D9040ABC39}.Release|Any CPU.Build.0 = Release|Any CPU
		{54A53A7C-42D9-4403-A909-9AA56F3D3139}.Debug|Any CPU.ActiveCfg = Debug|Any CPU
		{54A53A7C-42D9-4403-A909-9AA56F3D3139}.Debug|Any CPU.Build.0 = Debug|Any CPU
		{54A53A7C-42D9-4403-A909-9AA56F3D3139}.Release|Any CPU.ActiveCfg = Release|Any CPU
		{54A53A7C-42D9-4403-A909-9AA56F3D3139}.Release|Any CPU.Build.0 = Release|Any CPU
		{A0342FDA-DB08-4A7E-8E05-1EE8DB0EE7B3}.Debug|Any CPU.ActiveCfg = Debug|Any CPU
		{A0342FDA-DB08-4A7E-8E05-1EE8DB0EE7B3}.Debug|Any CPU.Build.0 = Debug|Any CPU
		{A0342FDA-DB08-4A7E-8E05-1EE8DB0EE7B3}.Release|Any CPU.ActiveCfg = Release|Any CPU
		{A0342FDA-DB08-4A7E-8E05-1EE8DB0EE7B3}.Release|Any CPU.Build.0 = Release|Any CPU
	EndGlobalSection
EndGlobal
